
Microsoft Visual Studio Solution File, Format Version 12.00
# Visual Studio 15
VisualStudioVersion = 15.0.27703.2026
MinimumVisualStudioVersion = 10.0.40219.1
Project("{9A19103F-16F7-4668-BE54-9A1E7A4F7556}") = "Gateway", "Gateway\Gateway.csproj", "{A7A68DB7-78D9-4B13-9090-E1D59413AAAF}"
EndProject
Project("{9A19103F-16F7-4668-BE54-9A1E7A4F7556}") = "WebLibraryTests", "WebLibraryTests\WebLibraryTests.csproj", "{FD0A4C00-EEBC-4167-8711-197E27267D77}"
EndProject
Project("{FAE04EC0-301F-11D3-BF4B-00C04F79EFBC}") = "BookService", "BookService\BookService.csproj", "{329E70DB-6C85-4FC6-94C5-17BDEEBAC51E}"
EndProject
Project("{FAE04EC0-301F-11D3-BF4B-00C04F79EFBC}") = "ReaderService", "ReaderService\ReaderService.csproj", "{090CF0AE-6E2A-49A4-A192-C8437D44B25A}"
EndProject
Project("{FAE04EC0-301F-11D3-BF4B-00C04F79EFBC}") = "AuthorService", "AuthorService\AuthorService.csproj", "{21107DC1-8FC3-4CEA-A949-73F1E4C107FD}"
EndProject
Global
	GlobalSection(SolutionConfigurationPlatforms) = preSolution
		Debug|Any CPU = Debug|Any CPU
		Release|Any CPU = Release|Any CPU
	EndGlobalSection
	GlobalSection(ProjectConfigurationPlatforms) = postSolution
		{A7A68DB7-78D9-4B13-9090-E1D59413AAAF}.Debug|Any CPU.ActiveCfg = Debug|Any CPU
		{A7A68DB7-78D9-4B13-9090-E1D59413AAAF}.Debug|Any CPU.Build.0 = Debug|Any CPU
		{A7A68DB7-78D9-4B13-9090-E1D59413AAAF}.Release|Any CPU.ActiveCfg = Release|Any CPU
		{A7A68DB7-78D9-4B13-9090-E1D59413AAAF}.Release|Any CPU.Build.0 = Release|Any CPU
		{FD0A4C00-EEBC-4167-8711-197E27267D77}.Debug|Any CPU.ActiveCfg = Debug|Any CPU
		{FD0A4C00-EEBC-4167-8711-197E27267D77}.Debug|Any CPU.Build.0 = Debug|Any CPU
		{FD0A4C00-EEBC-4167-8711-197E27267D77}.Release|Any CPU.ActiveCfg = Release|Any CPU
		{FD0A4C00-EEBC-4167-8711-197E27267D77}.Release|Any CPU.Build.0 = Release|Any CPU
		{329E70DB-6C85-4FC6-94C5-17BDEEBAC51E}.Debug|Any CPU.ActiveCfg = Debug|Any CPU
		{329E70DB-6C85-4FC6-94C5-17BDEEBAC51E}.Debug|Any CPU.Build.0 = Debug|Any CPU
		{329E70DB-6C85-4FC6-94C5-17BDEEBAC51E}.Release|Any CPU.ActiveCfg = Release|Any CPU
		{329E70DB-6C85-4FC6-94C5-17BDEEBAC51E}.Release|Any CPU.Build.0 = Release|Any CPU
		{090CF0AE-6E2A-49A4-A192-C8437D44B25A}.Debug|Any CPU.ActiveCfg = Debug|Any CPU
		{090CF0AE-6E2A-49A4-A192-C8437D44B25A}.Debug|Any CPU.Build.0 = Debug|Any CPU
		{090CF0AE-6E2A-49A4-A192-C8437D44B25A}.Release|Any CPU.ActiveCfg = Release|Any CPU
		{090CF0AE-6E2A-49A4-A192-C8437D44B25A}.Release|Any CPU.Build.0 = Release|Any CPU
		{21107DC1-8FC3-4CEA-A949-73F1E4C107FD}.Debug|Any CPU.ActiveCfg = Debug|Any CPU
		{21107DC1-8FC3-4CEA-A949-73F1E4C107FD}.Debug|Any CPU.Build.0 = Debug|Any CPU
		{21107DC1-8FC3-4CEA-A949-73F1E4C107FD}.Release|Any CPU.ActiveCfg = Release|Any CPU
		{21107DC1-8FC3-4CEA-A949-73F1E4C107FD}.Release|Any CPU.Build.0 = Release|Any CPU
	EndGlobalSection
	GlobalSection(SolutionProperties) = preSolution
		HideSolutionNode = FALSE
	EndGlobalSection
	GlobalSection(ExtensibilityGlobals) = postSolution
		SolutionGuid = {C64E0F6A-495E-4FC6-AF8A-01B01D3E1F90}
	EndGlobalSection
EndGlobal
